// !$*UTF8*$!
{
	archiveVersion = 1;
	classes = {
	};
	objectVersion = 52;
	objects = {

/* Begin PBXBuildFile section */
		5760DB95244300DA0085BD04 /* AppDelegate.swift in Sources */ = {isa = PBXBuildFile; fileRef = 5760DB94244300DA0085BD04 /* AppDelegate.swift */; };
		5760DB97244300DA0085BD04 /* SceneDelegate.swift in Sources */ = {isa = PBXBuildFile; fileRef = 5760DB96244300DA0085BD04 /* SceneDelegate.swift */; };
		5760DB9E244300E10085BD04 /* Assets.xcassets in Resources */ = {isa = PBXBuildFile; fileRef = 5760DB9D244300E10085BD04 /* Assets.xcassets */; };
		5760DBA1244300E10085BD04 /* LaunchScreen.storyboard in Resources */ = {isa = PBXBuildFile; fileRef = 5760DB9F244300E10085BD04 /* LaunchScreen.storyboard */; };
		5760DBAC244300E10085BD04 /* RubiMakerTests.swift in Sources */ = {isa = PBXBuildFile; fileRef = 5760DBAB244300E10085BD04 /* RubiMakerTests.swift */; };
		5760DBB7244300E10085BD04 /* RubiMakerUITests.swift in Sources */ = {isa = PBXBuildFile; fileRef = 5760DBB6244300E10085BD04 /* RubiMakerUITests.swift */; };
		5760DBC8244302B30085BD04 /* HistoryViewController.swift in Sources */ = {isa = PBXBuildFile; fileRef = 5760DBC7244302B30085BD04 /* HistoryViewController.swift */; };
		5760DBCA244302C50085BD04 /* HistoryViewController.storyboard in Resources */ = {isa = PBXBuildFile; fileRef = 5760DBC9244302C50085BD04 /* HistoryViewController.storyboard */; };
		5760DBCD244303370085BD04 /* HistoryTableViewCell.swift in Sources */ = {isa = PBXBuildFile; fileRef = 5760DBCB244303370085BD04 /* HistoryTableViewCell.swift */; };
		5760DBCE244303370085BD04 /* HistoryTableViewCell.xib in Resources */ = {isa = PBXBuildFile; fileRef = 5760DBCC244303370085BD04 /* HistoryTableViewCell.xib */; };
		5760DBD0244308570085BD04 /* InputFromTextViewController.swift in Sources */ = {isa = PBXBuildFile; fileRef = 5760DBCF244308570085BD04 /* InputFromTextViewController.swift */; };
		5760DBD22443086B0085BD04 /* InputFromTextViewController.storyboard in Resources */ = {isa = PBXBuildFile; fileRef = 5760DBD12443086B0085BD04 /* InputFromTextViewController.storyboard */; };
		576499D924472FE10088B6D6 /* ConvertRequest.swift in Sources */ = {isa = PBXBuildFile; fileRef = 576499D824472FE10088B6D6 /* ConvertRequest.swift */; };
		576499DB244731C00088B6D6 /* ConvertAPI.swift in Sources */ = {isa = PBXBuildFile; fileRef = 576499DA244731C00088B6D6 /* ConvertAPI.swift */; };
		576499DD244731EB0088B6D6 /* ConvertResponse.swift in Sources */ = {isa = PBXBuildFile; fileRef = 576499DC244731EB0088B6D6 /* ConvertResponse.swift */; };
		576499E02447460A0088B6D6 /* ReturnCodeResult.swift in Sources */ = {isa = PBXBuildFile; fileRef = 576499DF2447460A0088B6D6 /* ReturnCodeResult.swift */; };
		576E1A1E24430D4600819B2E /* UIStoryboard+Instance.swift in Sources */ = {isa = PBXBuildFile; fileRef = 576E1A1D24430D4600819B2E /* UIStoryboard+Instance.swift */; };
		576E1A212443449800819B2E /* GetClassName.swift in Sources */ = {isa = PBXBuildFile; fileRef = 576E1A202443449800819B2E /* GetClassName.swift */; };
		576E1A2324434E2300819B2E /* PresentationLayout.swift in Sources */ = {isa = PBXBuildFile; fileRef = 576E1A2224434E2300819B2E /* PresentationLayout.swift */; };
		576E1A282444BF9C00819B2E /* Alamofire in Frameworks */ = {isa = PBXBuildFile; productRef = 576E1A272444BF9C00819B2E /* Alamofire */; };
		576E1A2B2444C04700819B2E /* Realm in Frameworks */ = {isa = PBXBuildFile; productRef = 576E1A2A2444C04700819B2E /* Realm */; };
		576E1A2D2444C04700819B2E /* RealmSwift in Frameworks */ = {isa = PBXBuildFile; productRef = 576E1A2C2444C04700819B2E /* RealmSwift */; };
		576E1A302444C08E00819B2E /* ObjcExceptionBridging in Frameworks */ = {isa = PBXBuildFile; productRef = 576E1A2F2444C08E00819B2E /* ObjcExceptionBridging */; };
		576E1A322444C08E00819B2E /* XCGLogger in Frameworks */ = {isa = PBXBuildFile; productRef = 576E1A312444C08E00819B2E /* XCGLogger */; };
		576E1A352444C0CA00819B2E /* Reachability in Frameworks */ = {isa = PBXBuildFile; productRef = 576E1A342444C0CA00819B2E /* Reachability */; };
		576E1A372444C44100819B2E /* APIClient.swift in Sources */ = {isa = PBXBuildFile; fileRef = 576E1A362444C44100819B2E /* APIClient.swift */; };
		576E1A392444C49C00819B2E /* WebAPIRequestProtocol.swift in Sources */ = {isa = PBXBuildFile; fileRef = 576E1A382444C49C00819B2E /* WebAPIRequestProtocol.swift */; };
		576E1A3B2444C5E400819B2E /* Dictionary+JSON.swift in Sources */ = {isa = PBXBuildFile; fileRef = 576E1A3A2444C5E400819B2E /* Dictionary+JSON.swift */; };
/* End PBXBuildFile section */

/* Begin PBXContainerItemProxy section */
		5760DBA8244300E10085BD04 /* PBXContainerItemProxy */ = {
			isa = PBXContainerItemProxy;
			containerPortal = 5760DB89244300DA0085BD04 /* Project object */;
			proxyType = 1;
			remoteGlobalIDString = 5760DB90244300DA0085BD04;
			remoteInfo = RubiMaker;
		};
		5760DBB3244300E10085BD04 /* PBXContainerItemProxy */ = {
			isa = PBXContainerItemProxy;
			containerPortal = 5760DB89244300DA0085BD04 /* Project object */;
			proxyType = 1;
			remoteGlobalIDString = 5760DB90244300DA0085BD04;
			remoteInfo = RubiMaker;
		};
/* End PBXContainerItemProxy section */

/* Begin PBXFileReference section */
		5760DB91244300DA0085BD04 /* RubiMaker.app */ = {isa = PBXFileReference; explicitFileType = wrapper.application; includeInIndex = 0; path = RubiMaker.app; sourceTree = BUILT_PRODUCTS_DIR; };
		5760DB94244300DA0085BD04 /* AppDelegate.swift */ = {isa = PBXFileReference; lastKnownFileType = sourcecode.swift; path = AppDelegate.swift; sourceTree = "<group>"; };
		5760DB96244300DA0085BD04 /* SceneDelegate.swift */ = {isa = PBXFileReference; lastKnownFileType = sourcecode.swift; path = SceneDelegate.swift; sourceTree = "<group>"; };
		5760DB9D244300E10085BD04 /* Assets.xcassets */ = {isa = PBXFileReference; lastKnownFileType = folder.assetcatalog; path = Assets.xcassets; sourceTree = "<group>"; };
		5760DBA0244300E10085BD04 /* Base */ = {isa = PBXFileReference; lastKnownFileType = file.storyboard; name = Base; path = Base.lproj/LaunchScreen.storyboard; sourceTree = "<group>"; };
		5760DBA2244300E10085BD04 /* Info.plist */ = {isa = PBXFileReference; lastKnownFileType = text.plist.xml; path = Info.plist; sourceTree = "<group>"; };
		5760DBA7244300E10085BD04 /* RubiMakerTests.xctest */ = {isa = PBXFileReference; explicitFileType = wrapper.cfbundle; includeInIndex = 0; path = RubiMakerTests.xctest; sourceTree = BUILT_PRODUCTS_DIR; };
		5760DBAB244300E10085BD04 /* RubiMakerTests.swift */ = {isa = PBXFileReference; lastKnownFileType = sourcecode.swift; path = RubiMakerTests.swift; sourceTree = "<group>"; };
		5760DBAD244300E10085BD04 /* Info.plist */ = {isa = PBXFileReference; lastKnownFileType = text.plist.xml; path = Info.plist; sourceTree = "<group>"; };
		5760DBB2244300E10085BD04 /* RubiMakerUITests.xctest */ = {isa = PBXFileReference; explicitFileType = wrapper.cfbundle; includeInIndex = 0; path = RubiMakerUITests.xctest; sourceTree = BUILT_PRODUCTS_DIR; };
		5760DBB6244300E10085BD04 /* RubiMakerUITests.swift */ = {isa = PBXFileReference; lastKnownFileType = sourcecode.swift; path = RubiMakerUITests.swift; sourceTree = "<group>"; };
		5760DBB8244300E10085BD04 /* Info.plist */ = {isa = PBXFileReference; lastKnownFileType = text.plist.xml; path = Info.plist; sourceTree = "<group>"; };
		5760DBC7244302B30085BD04 /* HistoryViewController.swift */ = {isa = PBXFileReference; lastKnownFileType = sourcecode.swift; path = HistoryViewController.swift; sourceTree = "<group>"; };
		5760DBC9244302C50085BD04 /* HistoryViewController.storyboard */ = {isa = PBXFileReference; lastKnownFileType = file.storyboard; path = HistoryViewController.storyboard; sourceTree = "<group>"; };
		5760DBCB244303370085BD04 /* HistoryTableViewCell.swift */ = {isa = PBXFileReference; lastKnownFileType = sourcecode.swift; path = HistoryTableViewCell.swift; sourceTree = "<group>"; };
		5760DBCC244303370085BD04 /* HistoryTableViewCell.xib */ = {isa = PBXFileReference; lastKnownFileType = file.xib; path = HistoryTableViewCell.xib; sourceTree = "<group>"; };
		5760DBCF244308570085BD04 /* InputFromTextViewController.swift */ = {isa = PBXFileReference; lastKnownFileType = sourcecode.swift; path = InputFromTextViewController.swift; sourceTree = "<group>"; };
		5760DBD12443086B0085BD04 /* InputFromTextViewController.storyboard */ = {isa = PBXFileReference; lastKnownFileType = file.storyboard; path = InputFromTextViewController.storyboard; sourceTree = "<group>"; };
		576499D824472FE10088B6D6 /* ConvertRequest.swift */ = {isa = PBXFileReference; lastKnownFileType = sourcecode.swift; path = ConvertRequest.swift; sourceTree = "<group>"; };
		576499DA244731C00088B6D6 /* ConvertAPI.swift */ = {isa = PBXFileReference; lastKnownFileType = sourcecode.swift; path = ConvertAPI.swift; sourceTree = "<group>"; };
		576499DC244731EB0088B6D6 /* ConvertResponse.swift */ = {isa = PBXFileReference; lastKnownFileType = sourcecode.swift; path = ConvertResponse.swift; sourceTree = "<group>"; };
		576499DF2447460A0088B6D6 /* ReturnCodeResult.swift */ = {isa = PBXFileReference; lastKnownFileType = sourcecode.swift; path = ReturnCodeResult.swift; sourceTree = "<group>"; };
		576E1A1D24430D4600819B2E /* UIStoryboard+Instance.swift */ = {isa = PBXFileReference; lastKnownFileType = sourcecode.swift; path = "UIStoryboard+Instance.swift"; sourceTree = "<group>"; };
		576E1A202443449800819B2E /* GetClassName.swift */ = {isa = PBXFileReference; lastKnownFileType = sourcecode.swift; path = GetClassName.swift; sourceTree = "<group>"; };
		576E1A2224434E2300819B2E /* PresentationLayout.swift */ = {isa = PBXFileReference; lastKnownFileType = sourcecode.swift; path = PresentationLayout.swift; sourceTree = "<group>"; };
		576E1A362444C44100819B2E /* APIClient.swift */ = {isa = PBXFileReference; lastKnownFileType = sourcecode.swift; path = APIClient.swift; sourceTree = "<group>"; };
		576E1A382444C49C00819B2E /* WebAPIRequestProtocol.swift */ = {isa = PBXFileReference; lastKnownFileType = sourcecode.swift; path = WebAPIRequestProtocol.swift; sourceTree = "<group>"; };
		576E1A3A2444C5E400819B2E /* Dictionary+JSON.swift */ = {isa = PBXFileReference; lastKnownFileType = sourcecode.swift; name = "Dictionary+JSON.swift"; path = "RubiMaker/Utilities/Dictionary+JSON.swift"; sourceTree = SOURCE_ROOT; };
/* End PBXFileReference section */

/* Begin PBXFrameworksBuildPhase section */
		5760DB8E244300DA0085BD04 /* Frameworks */ = {
			isa = PBXFrameworksBuildPhase;
			buildActionMask = 2147483647;
			files = (
				576E1A302444C08E00819B2E /* ObjcExceptionBridging in Frameworks */,
				576E1A352444C0CA00819B2E /* Reachability in Frameworks */,
				576E1A2D2444C04700819B2E /* RealmSwift in Frameworks */,
				576E1A2B2444C04700819B2E /* Realm in Frameworks */,
				576E1A282444BF9C00819B2E /* Alamofire in Frameworks */,
				576E1A322444C08E00819B2E /* XCGLogger in Frameworks */,
			);
			runOnlyForDeploymentPostprocessing = 0;
		};
		5760DBA4244300E10085BD04 /* Frameworks */ = {
			isa = PBXFrameworksBuildPhase;
			buildActionMask = 2147483647;
			files = (
			);
			runOnlyForDeploymentPostprocessing = 0;
		};
		5760DBAF244300E10085BD04 /* Frameworks */ = {
			isa = PBXFrameworksBuildPhase;
			buildActionMask = 2147483647;
			files = (
			);
			runOnlyForDeploymentPostprocessing = 0;
		};
/* End PBXFrameworksBuildPhase section */

/* Begin PBXGroup section */
		5760DB88244300DA0085BD04 = {
			isa = PBXGroup;
			children = (
				5760DB93244300DA0085BD04 /* RubiMaker */,
				5760DBAA244300E10085BD04 /* RubiMakerTests */,
				5760DBB5244300E10085BD04 /* RubiMakerUITests */,
				5760DB92244300DA0085BD04 /* Products */,
			);
			sourceTree = "<group>";
		};
		5760DB92244300DA0085BD04 /* Products */ = {
			isa = PBXGroup;
			children = (
				5760DB91244300DA0085BD04 /* RubiMaker.app */,
				5760DBA7244300E10085BD04 /* RubiMakerTests.xctest */,
				5760DBB2244300E10085BD04 /* RubiMakerUITests.xctest */,
			);
			name = Products;
			sourceTree = "<group>";
		};
		5760DB93244300DA0085BD04 /* RubiMaker */ = {
			isa = PBXGroup;
			children = (
				576499DE244744AD0088B6D6 /* Modules */,
				576E1A1F2443447C00819B2E /* Utilities */,
				5760DBD32443086F0085BD04 /* InputFromText */,
				5760DBC62443026E0085BD04 /* History */,
				5760DBC4244302340085BD04 /* Application */,
				576E1A1C24430D1A00819B2E /* Extension */,
				5760DBC5244302450085BD04 /* Resource */,
				5760DB9F244300E10085BD04 /* LaunchScreen.storyboard */,
			);
			path = RubiMaker;
			sourceTree = "<group>";
		};
		5760DBAA244300E10085BD04 /* RubiMakerTests */ = {
			isa = PBXGroup;
			children = (
				5760DBAB244300E10085BD04 /* RubiMakerTests.swift */,
				5760DBAD244300E10085BD04 /* Info.plist */,
			);
			path = RubiMakerTests;
			sourceTree = "<group>";
		};
		5760DBB5244300E10085BD04 /* RubiMakerUITests */ = {
			isa = PBXGroup;
			children = (
				5760DBB6244300E10085BD04 /* RubiMakerUITests.swift */,
				5760DBB8244300E10085BD04 /* Info.plist */,
			);
			path = RubiMakerUITests;
			sourceTree = "<group>";
		};
		5760DBC4244302340085BD04 /* Application */ = {
			isa = PBXGroup;
			children = (
				5760DBA2244300E10085BD04 /* Info.plist */,
				5760DB94244300DA0085BD04 /* AppDelegate.swift */,
				5760DB96244300DA0085BD04 /* SceneDelegate.swift */,
			);
			path = Application;
			sourceTree = "<group>";
		};
		5760DBC5244302450085BD04 /* Resource */ = {
			isa = PBXGroup;
			children = (
				5760DB9D244300E10085BD04 /* Assets.xcassets */,
			);
			path = Resource;
			sourceTree = "<group>";
		};
		5760DBC62443026E0085BD04 /* History */ = {
			isa = PBXGroup;
			children = (
				5760DBC7244302B30085BD04 /* HistoryViewController.swift */,
				5760DBC9244302C50085BD04 /* HistoryViewController.storyboard */,
				5760DBCB244303370085BD04 /* HistoryTableViewCell.swift */,
				5760DBCC244303370085BD04 /* HistoryTableViewCell.xib */,
			);
			path = History;
			sourceTree = "<group>";
		};
		5760DBD32443086F0085BD04 /* InputFromText */ = {
			isa = PBXGroup;
			children = (
				5760DBCF244308570085BD04 /* InputFromTextViewController.swift */,
				5760DBD12443086B0085BD04 /* InputFromTextViewController.storyboard */,
			);
			path = InputFromText;
			sourceTree = "<group>";
		};
		576499DE244744AD0088B6D6 /* Modules */ = {
			isa = PBXGroup;
			children = (
				576499DA244731C00088B6D6 /* ConvertAPI.swift */,
				576499DF2447460A0088B6D6 /* ReturnCodeResult.swift */,
				576499D824472FE10088B6D6 /* ConvertRequest.swift */,
				576499DC244731EB0088B6D6 /* ConvertResponse.swift */,
			);
			path = Modules;
			sourceTree = "<group>";
		};
		576E1A1C24430D1A00819B2E /* Extension */ = {
			isa = PBXGroup;
			children = (
				576E1A3A2444C5E400819B2E /* Dictionary+JSON.swift */,
				576E1A1D24430D4600819B2E /* UIStoryboard+Instance.swift */,
			);
			path = Extension;
			sourceTree = "<group>";
		};
		576E1A1F2443447C00819B2E /* Utilities */ = {
			isa = PBXGroup;
			children = (
				576E1A202443449800819B2E /* GetClassName.swift */,
				576E1A2224434E2300819B2E /* PresentationLayout.swift */,
				576E1A362444C44100819B2E /* APIClient.swift */,
				576E1A382444C49C00819B2E /* WebAPIRequestProtocol.swift */,
			);
			path = Utilities;
			sourceTree = "<group>";
		};
/* End PBXGroup section */

/* Begin PBXNativeTarget section */
		5760DB90244300DA0085BD04 /* RubiMaker */ = {
			isa = PBXNativeTarget;
			buildConfigurationList = 5760DBBB244300E10085BD04 /* Build configuration list for PBXNativeTarget "RubiMaker" */;
			buildPhases = (
				5760DB8D244300DA0085BD04 /* Sources */,
				5760DB8E244300DA0085BD04 /* Frameworks */,
				5760DB8F244300DA0085BD04 /* Resources */,
			);
			buildRules = (
			);
			dependencies = (
			);
			name = RubiMaker;
			packageProductDependencies = (
				576E1A272444BF9C00819B2E /* Alamofire */,
				576E1A2A2444C04700819B2E /* Realm */,
				576E1A2C2444C04700819B2E /* RealmSwift */,
				576E1A2F2444C08E00819B2E /* ObjcExceptionBridging */,
				576E1A312444C08E00819B2E /* XCGLogger */,
				576E1A342444C0CA00819B2E /* Reachability */,
			);
			productName = RubiMaker;
			productReference = 5760DB91244300DA0085BD04 /* RubiMaker.app */;
			productType = "com.apple.product-type.application";
		};
		5760DBA6244300E10085BD04 /* RubiMakerTests */ = {
			isa = PBXNativeTarget;
			buildConfigurationList = 5760DBBE244300E10085BD04 /* Build configuration list for PBXNativeTarget "RubiMakerTests" */;
			buildPhases = (
				5760DBA3244300E10085BD04 /* Sources */,
				5760DBA4244300E10085BD04 /* Frameworks */,
				5760DBA5244300E10085BD04 /* Resources */,
			);
			buildRules = (
			);
			dependencies = (
				5760DBA9244300E10085BD04 /* PBXTargetDependency */,
			);
			name = RubiMakerTests;
			productName = RubiMakerTests;
			productReference = 5760DBA7244300E10085BD04 /* RubiMakerTests.xctest */;
			productType = "com.apple.product-type.bundle.unit-test";
		};
		5760DBB1244300E10085BD04 /* RubiMakerUITests */ = {
			isa = PBXNativeTarget;
			buildConfigurationList = 5760DBC1244300E10085BD04 /* Build configuration list for PBXNativeTarget "RubiMakerUITests" */;
			buildPhases = (
				5760DBAE244300E10085BD04 /* Sources */,
				5760DBAF244300E10085BD04 /* Frameworks */,
				5760DBB0244300E10085BD04 /* Resources */,
			);
			buildRules = (
			);
			dependencies = (
				5760DBB4244300E10085BD04 /* PBXTargetDependency */,
			);
			name = RubiMakerUITests;
			productName = RubiMakerUITests;
			productReference = 5760DBB2244300E10085BD04 /* RubiMakerUITests.xctest */;
			productType = "com.apple.product-type.bundle.ui-testing";
		};
/* End PBXNativeTarget section */

/* Begin PBXProject section */
		5760DB89244300DA0085BD04 /* Project object */ = {
			isa = PBXProject;
			attributes = {
				LastSwiftUpdateCheck = 1140;
				LastUpgradeCheck = 1140;
				ORGANIZATIONNAME = "石場清子";
				TargetAttributes = {
					5760DB90244300DA0085BD04 = {
						CreatedOnToolsVersion = 11.4;
					};
					5760DBA6244300E10085BD04 = {
						CreatedOnToolsVersion = 11.4;
						TestTargetID = 5760DB90244300DA0085BD04;
					};
					5760DBB1244300E10085BD04 = {
						CreatedOnToolsVersion = 11.4;
						TestTargetID = 5760DB90244300DA0085BD04;
					};
				};
			};
			buildConfigurationList = 5760DB8C244300DA0085BD04 /* Build configuration list for PBXProject "RubiMaker" */;
			compatibilityVersion = "Xcode 9.3";
			developmentRegion = en;
			hasScannedForEncodings = 0;
			knownRegions = (
				en,
				Base,
			);
			mainGroup = 5760DB88244300DA0085BD04;
			packageReferences = (
				576E1A262444BF9C00819B2E /* XCRemoteSwiftPackageReference "Alamofire" */,
				576E1A292444C04700819B2E /* XCRemoteSwiftPackageReference "realm-cocoa" */,
				576E1A2E2444C08E00819B2E /* XCRemoteSwiftPackageReference "XCGLogger" */,
				576E1A332444C0C900819B2E /* XCRemoteSwiftPackageReference "Reachability" */,
			);
			productRefGroup = 5760DB92244300DA0085BD04 /* Products */;
			projectDirPath = "";
			projectRoot = "";
			targets = (
				5760DB90244300DA0085BD04 /* RubiMaker */,
				5760DBA6244300E10085BD04 /* RubiMakerTests */,
				5760DBB1244300E10085BD04 /* RubiMakerUITests */,
			);
		};
/* End PBXProject section */

/* Begin PBXResourcesBuildPhase section */
		5760DB8F244300DA0085BD04 /* Resources */ = {
			isa = PBXResourcesBuildPhase;
			buildActionMask = 2147483647;
			files = (
				5760DBA1244300E10085BD04 /* LaunchScreen.storyboard in Resources */,
				5760DBCA244302C50085BD04 /* HistoryViewController.storyboard in Resources */,
				5760DBCE244303370085BD04 /* HistoryTableViewCell.xib in Resources */,
				5760DB9E244300E10085BD04 /* Assets.xcassets in Resources */,
				5760DBD22443086B0085BD04 /* InputFromTextViewController.storyboard in Resources */,
			);
			runOnlyForDeploymentPostprocessing = 0;
		};
		5760DBA5244300E10085BD04 /* Resources */ = {
			isa = PBXResourcesBuildPhase;
			buildActionMask = 2147483647;
			files = (
			);
			runOnlyForDeploymentPostprocessing = 0;
		};
		5760DBB0244300E10085BD04 /* Resources */ = {
			isa = PBXResourcesBuildPhase;
			buildActionMask = 2147483647;
			files = (
			);
			runOnlyForDeploymentPostprocessing = 0;
		};
/* End PBXResourcesBuildPhase section */

/* Begin PBXSourcesBuildPhase section */
		5760DB8D244300DA0085BD04 /* Sources */ = {
			isa = PBXSourcesBuildPhase;
			buildActionMask = 2147483647;
			files = (
				5760DBC8244302B30085BD04 /* HistoryViewController.swift in Sources */,
				5760DB95244300DA0085BD04 /* AppDelegate.swift in Sources */,
				5760DBD0244308570085BD04 /* InputFromTextViewController.swift in Sources */,
				5760DBCD244303370085BD04 /* HistoryTableViewCell.swift in Sources */,
				576E1A212443449800819B2E /* GetClassName.swift in Sources */,
				576499D924472FE10088B6D6 /* ConvertRequest.swift in Sources */,
				576499DB244731C00088B6D6 /* ConvertAPI.swift in Sources */,
				576E1A2324434E2300819B2E /* PresentationLayout.swift in Sources */,
				576499E02447460A0088B6D6 /* ReturnCodeResult.swift in Sources */,
				576499DD244731EB0088B6D6 /* ConvertResponse.swift in Sources */,
				5760DB97244300DA0085BD04 /* SceneDelegate.swift in Sources */,
				576E1A392444C49C00819B2E /* WebAPIRequestProtocol.swift in Sources */,
				576E1A1E24430D4600819B2E /* UIStoryboard+Instance.swift in Sources */,
				576E1A372444C44100819B2E /* APIClient.swift in Sources */,
				576E1A3B2444C5E400819B2E /* Dictionary+JSON.swift in Sources */,
			);
			runOnlyForDeploymentPostprocessing = 0;
		};
		5760DBA3244300E10085BD04 /* Sources */ = {
			isa = PBXSourcesBuildPhase;
			buildActionMask = 2147483647;
			files = (
				5760DBAC244300E10085BD04 /* RubiMakerTests.swift in Sources */,
			);
			runOnlyForDeploymentPostprocessing = 0;
		};
		5760DBAE244300E10085BD04 /* Sources */ = {
			isa = PBXSourcesBuildPhase;
			buildActionMask = 2147483647;
			files = (
				5760DBB7244300E10085BD04 /* RubiMakerUITests.swift in Sources */,
			);
			runOnlyForDeploymentPostprocessing = 0;
		};
/* End PBXSourcesBuildPhase section */

/* Begin PBXTargetDependency section */
		5760DBA9244300E10085BD04 /* PBXTargetDependency */ = {
			isa = PBXTargetDependency;
			target = 5760DB90244300DA0085BD04 /* RubiMaker */;
			targetProxy = 5760DBA8244300E10085BD04 /* PBXContainerItemProxy */;
		};
		5760DBB4244300E10085BD04 /* PBXTargetDependency */ = {
			isa = PBXTargetDependency;
			target = 5760DB90244300DA0085BD04 /* RubiMaker */;
			targetProxy = 5760DBB3244300E10085BD04 /* PBXContainerItemProxy */;
		};
/* End PBXTargetDependency section */

/* Begin PBXVariantGroup section */
		5760DB9F244300E10085BD04 /* LaunchScreen.storyboard */ = {
			isa = PBXVariantGroup;
			children = (
				5760DBA0244300E10085BD04 /* Base */,
			);
			name = LaunchScreen.storyboard;
			sourceTree = "<group>";
		};
/* End PBXVariantGroup section */

/* Begin XCBuildConfiguration section */
		5760DBB9244300E10085BD04 /* Debug */ = {
			isa = XCBuildConfiguration;
			buildSettings = {
				ALWAYS_SEARCH_USER_PATHS = NO;
				CLANG_ANALYZER_NONNULL = YES;
				CLANG_ANALYZER_NUMBER_OBJECT_CONVERSION = YES_AGGRESSIVE;
				CLANG_CXX_LANGUAGE_STANDARD = "gnu++14";
				CLANG_CXX_LIBRARY = "libc++";
				CLANG_ENABLE_MODULES = YES;
				CLANG_ENABLE_OBJC_ARC = YES;
				CLANG_ENABLE_OBJC_WEAK = YES;
				CLANG_WARN_BLOCK_CAPTURE_AUTORELEASING = YES;
				CLANG_WARN_BOOL_CONVERSION = YES;
				CLANG_WARN_COMMA = YES;
				CLANG_WARN_CONSTANT_CONVERSION = YES;
				CLANG_WARN_DEPRECATED_OBJC_IMPLEMENTATIONS = YES;
				CLANG_WARN_DIRECT_OBJC_ISA_USAGE = YES_ERROR;
				CLANG_WARN_DOCUMENTATION_COMMENTS = YES;
				CLANG_WARN_EMPTY_BODY = YES;
				CLANG_WARN_ENUM_CONVERSION = YES;
				CLANG_WARN_INFINITE_RECURSION = YES;
				CLANG_WARN_INT_CONVERSION = YES;
				CLANG_WARN_NON_LITERAL_NULL_CONVERSION = YES;
				CLANG_WARN_OBJC_IMPLICIT_RETAIN_SELF = YES;
				CLANG_WARN_OBJC_LITERAL_CONVERSION = YES;
				CLANG_WARN_OBJC_ROOT_CLASS = YES_ERROR;
				CLANG_WARN_RANGE_LOOP_ANALYSIS = YES;
				CLANG_WARN_STRICT_PROTOTYPES = YES;
				CLANG_WARN_SUSPICIOUS_MOVE = YES;
				CLANG_WARN_UNGUARDED_AVAILABILITY = YES_AGGRESSIVE;
				CLANG_WARN_UNREACHABLE_CODE = YES;
				CLANG_WARN__DUPLICATE_METHOD_MATCH = YES;
				COPY_PHASE_STRIP = NO;
				DEBUG_INFORMATION_FORMAT = dwarf;
				ENABLE_STRICT_OBJC_MSGSEND = YES;
				ENABLE_TESTABILITY = YES;
				GCC_C_LANGUAGE_STANDARD = gnu11;
				GCC_DYNAMIC_NO_PIC = NO;
				GCC_NO_COMMON_BLOCKS = YES;
				GCC_OPTIMIZATION_LEVEL = 0;
				GCC_PREPROCESSOR_DEFINITIONS = (
					"DEBUG=1",
					"$(inherited)",
				);
				GCC_WARN_64_TO_32_BIT_CONVERSION = YES;
				GCC_WARN_ABOUT_RETURN_TYPE = YES_ERROR;
				GCC_WARN_UNDECLARED_SELECTOR = YES;
				GCC_WARN_UNINITIALIZED_AUTOS = YES_AGGRESSIVE;
				GCC_WARN_UNUSED_FUNCTION = YES;
				GCC_WARN_UNUSED_VARIABLE = YES;
				IPHONEOS_DEPLOYMENT_TARGET = 13.4;
				MTL_ENABLE_DEBUG_INFO = INCLUDE_SOURCE;
				MTL_FAST_MATH = YES;
				ONLY_ACTIVE_ARCH = YES;
				SDKROOT = iphoneos;
				SWIFT_ACTIVE_COMPILATION_CONDITIONS = DEBUG;
				SWIFT_OPTIMIZATION_LEVEL = "-Onone";
			};
			name = Debug;
		};
		5760DBBA244300E10085BD04 /* Release */ = {
			isa = XCBuildConfiguration;
			buildSettings = {
				ALWAYS_SEARCH_USER_PATHS = NO;
				CLANG_ANALYZER_NONNULL = YES;
				CLANG_ANALYZER_NUMBER_OBJECT_CONVERSION = YES_AGGRESSIVE;
				CLANG_CXX_LANGUAGE_STANDARD = "gnu++14";
				CLANG_CXX_LIBRARY = "libc++";
				CLANG_ENABLE_MODULES = YES;
				CLANG_ENABLE_OBJC_ARC = YES;
				CLANG_ENABLE_OBJC_WEAK = YES;
				CLANG_WARN_BLOCK_CAPTURE_AUTORELEASING = YES;
				CLANG_WARN_BOOL_CONVERSION = YES;
				CLANG_WARN_COMMA = YES;
				CLANG_WARN_CONSTANT_CONVERSION = YES;
				CLANG_WARN_DEPRECATED_OBJC_IMPLEMENTATIONS = YES;
				CLANG_WARN_DIRECT_OBJC_ISA_USAGE = YES_ERROR;
				CLANG_WARN_DOCUMENTATION_COMMENTS = YES;
				CLANG_WARN_EMPTY_BODY = YES;
				CLANG_WARN_ENUM_CONVERSION = YES;
				CLANG_WARN_INFINITE_RECURSION = YES;
				CLANG_WARN_INT_CONVERSION = YES;
				CLANG_WARN_NON_LITERAL_NULL_CONVERSION = YES;
				CLANG_WARN_OBJC_IMPLICIT_RETAIN_SELF = YES;
				CLANG_WARN_OBJC_LITERAL_CONVERSION = YES;
				CLANG_WARN_OBJC_ROOT_CLASS = YES_ERROR;
				CLANG_WARN_RANGE_LOOP_ANALYSIS = YES;
				CLANG_WARN_STRICT_PROTOTYPES = YES;
				CLANG_WARN_SUSPICIOUS_MOVE = YES;
				CLANG_WARN_UNGUARDED_AVAILABILITY = YES_AGGRESSIVE;
				CLANG_WARN_UNREACHABLE_CODE = YES;
				CLANG_WARN__DUPLICATE_METHOD_MATCH = YES;
				COPY_PHASE_STRIP = NO;
				DEBUG_INFORMATION_FORMAT = "dwarf-with-dsym";
				ENABLE_NS_ASSERTIONS = NO;
				ENABLE_STRICT_OBJC_MSGSEND = YES;
				GCC_C_LANGUAGE_STANDARD = gnu11;
				GCC_NO_COMMON_BLOCKS = YES;
				GCC_WARN_64_TO_32_BIT_CONVERSION = YES;
				GCC_WARN_ABOUT_RETURN_TYPE = YES_ERROR;
				GCC_WARN_UNDECLARED_SELECTOR = YES;
				GCC_WARN_UNINITIALIZED_AUTOS = YES_AGGRESSIVE;
				GCC_WARN_UNUSED_FUNCTION = YES;
				GCC_WARN_UNUSED_VARIABLE = YES;
				IPHONEOS_DEPLOYMENT_TARGET = 13.4;
				MTL_ENABLE_DEBUG_INFO = NO;
				MTL_FAST_MATH = YES;
				SDKROOT = iphoneos;
				SWIFT_COMPILATION_MODE = wholemodule;
				SWIFT_OPTIMIZATION_LEVEL = "-O";
				VALIDATE_PRODUCT = YES;
			};
			name = Release;
		};
		5760DBBC244300E10085BD04 /* Debug */ = {
			isa = XCBuildConfiguration;
			buildSettings = {
				ASSETCATALOG_COMPILER_APPICON_NAME = AppIcon;
				CODE_SIGN_STYLE = Automatic;
				DEVELOPMENT_TEAM = HNMTQS99RG;
				INFOPLIST_FILE = RubiMaker/Application/Info.plist;
				IPHONEOS_DEPLOYMENT_TARGET = 13.0;
				LD_RUNPATH_SEARCH_PATHS = (
					"$(inherited)",
					"@executable_path/Frameworks",
				);
				PRODUCT_BUNDLE_IDENTIFIER = com.RubiMaker;
				PRODUCT_NAME = "$(TARGET_NAME)";
				SWIFT_VERSION = 5.0;
				TARGETED_DEVICE_FAMILY = "1,2";
			};
			name = Debug;
		};
		5760DBBD244300E10085BD04 /* Release */ = {
			isa = XCBuildConfiguration;
			buildSettings = {
				ASSETCATALOG_COMPILER_APPICON_NAME = AppIcon;
				CODE_SIGN_STYLE = Automatic;
				DEVELOPMENT_TEAM = HNMTQS99RG;
				INFOPLIST_FILE = RubiMaker/Application/Info.plist;
				IPHONEOS_DEPLOYMENT_TARGET = 13.0;
				LD_RUNPATH_SEARCH_PATHS = (
					"$(inherited)",
					"@executable_path/Frameworks",
				);
				PRODUCT_BUNDLE_IDENTIFIER = com.RubiMaker;
				PRODUCT_NAME = "$(TARGET_NAME)";
				SWIFT_VERSION = 5.0;
				TARGETED_DEVICE_FAMILY = "1,2";
			};
			name = Release;
		};
		5760DBBF244300E10085BD04 /* Debug */ = {
			isa = XCBuildConfiguration;
			buildSettings = {
				ALWAYS_EMBED_SWIFT_STANDARD_LIBRARIES = YES;
				BUNDLE_LOADER = "$(TEST_HOST)";
				CODE_SIGN_STYLE = Automatic;
				INFOPLIST_FILE = RubiMakerTests/Info.plist;
				IPHONEOS_DEPLOYMENT_TARGET = 13.4;
				LD_RUNPATH_SEARCH_PATHS = (
					"$(inherited)",
					"@executable_path/Frameworks",
					"@loader_path/Frameworks",
				);
				PRODUCT_BUNDLE_IDENTIFIER = com.RubiMakerTests;
				PRODUCT_NAME = "$(TARGET_NAME)";
				SWIFT_VERSION = 5.0;
				TARGETED_DEVICE_FAMILY = "1,2";
				TEST_HOST = "$(BUILT_PRODUCTS_DIR)/RubiMaker.app/RubiMaker";
			};
			name = Debug;
		};
		5760DBC0244300E10085BD04 /* Release */ = {
			isa = XCBuildConfiguration;
			buildSettings = {
				ALWAYS_EMBED_SWIFT_STANDARD_LIBRARIES = YES;
				BUNDLE_LOADER = "$(TEST_HOST)";
				CODE_SIGN_STYLE = Automatic;
				INFOPLIST_FILE = RubiMakerTests/Info.plist;
				IPHONEOS_DEPLOYMENT_TARGET = 13.4;
				LD_RUNPATH_SEARCH_PATHS = (
					"$(inherited)",
					"@executable_path/Frameworks",
					"@loader_path/Frameworks",
				);
				PRODUCT_BUNDLE_IDENTIFIER = com.RubiMakerTests;
				PRODUCT_NAME = "$(TARGET_NAME)";
				SWIFT_VERSION = 5.0;
				TARGETED_DEVICE_FAMILY = "1,2";
				TEST_HOST = "$(BUILT_PRODUCTS_DIR)/RubiMaker.app/RubiMaker";
			};
			name = Release;
		};
		5760DBC2244300E10085BD04 /* Debug */ = {
			isa = XCBuildConfiguration;
			buildSettings = {
				ALWAYS_EMBED_SWIFT_STANDARD_LIBRARIES = YES;
				CODE_SIGN_STYLE = Automatic;
				INFOPLIST_FILE = RubiMakerUITests/Info.plist;
				LD_RUNPATH_SEARCH_PATHS = (
					"$(inherited)",
					"@executable_path/Frameworks",
					"@loader_path/Frameworks",
				);
				PRODUCT_BUNDLE_IDENTIFIER = com.RubiMakerUITests;
				PRODUCT_NAME = "$(TARGET_NAME)";
				SWIFT_VERSION = 5.0;
				TARGETED_DEVICE_FAMILY = "1,2";
				TEST_TARGET_NAME = RubiMaker;
			};
			name = Debug;
		};
		5760DBC3244300E10085BD04 /* Release */ = {
			isa = XCBuildConfiguration;
			buildSettings = {
				ALWAYS_EMBED_SWIFT_STANDARD_LIBRARIES = YES;
				CODE_SIGN_STYLE = Automatic;
				INFOPLIST_FILE = RubiMakerUITests/Info.plist;
				LD_RUNPATH_SEARCH_PATHS = (
					"$(inherited)",
					"@executable_path/Frameworks",
					"@loader_path/Frameworks",
				);
				PRODUCT_BUNDLE_IDENTIFIER = com.RubiMakerUITests;
				PRODUCT_NAME = "$(TARGET_NAME)";
				SWIFT_VERSION = 5.0;
				TARGETED_DEVICE_FAMILY = "1,2";
				TEST_TARGET_NAME = RubiMaker;
			};
			name = Release;
		};
/* End XCBuildConfiguration section */

/* Begin XCConfigurationList section */
		5760DB8C244300DA0085BD04 /* Build configuration list for PBXProject "RubiMaker" */ = {
			isa = XCConfigurationList;
			buildConfigurations = (
				5760DBB9244300E10085BD04 /* Debug */,
				5760DBBA244300E10085BD04 /* Release */,
			);
			defaultConfigurationIsVisible = 0;
			defaultConfigurationName = Release;
		};
		5760DBBB244300E10085BD04 /* Build configuration list for PBXNativeTarget "RubiMaker" */ = {
			isa = XCConfigurationList;
			buildConfigurations = (
				5760DBBC244300E10085BD04 /* Debug */,
				5760DBBD244300E10085BD04 /* Release */,
			);
			defaultConfigurationIsVisible = 0;
			defaultConfigurationName = Release;
		};
		5760DBBE244300E10085BD04 /* Build configuration list for PBXNativeTarget "RubiMakerTests" */ = {
			isa = XCConfigurationList;
			buildConfigurations = (
				5760DBBF244300E10085BD04 /* Debug */,
				5760DBC0244300E10085BD04 /* Release */,
			);
			defaultConfigurationIsVisible = 0;
			defaultConfigurationName = Release;
		};
		5760DBC1244300E10085BD04 /* Build configuration list for PBXNativeTarget "RubiMakerUITests" */ = {
			isa = XCConfigurationList;
			buildConfigurations = (
				5760DBC2244300E10085BD04 /* Debug */,
				5760DBC3244300E10085BD04 /* Release */,
			);
			defaultConfigurationIsVisible = 0;
			defaultConfigurationName = Release;
		};
/* End XCConfigurationList section */

/* Begin XCRemoteSwiftPackageReference section */
		576E1A262444BF9C00819B2E /* XCRemoteSwiftPackageReference "Alamofire" */ = {
			isa = XCRemoteSwiftPackageReference;
			repositoryURL = "https://github.com/Alamofire/Alamofire.git";
			requirement = {
				kind = exactVersion;
				version = 5.0.5;
			};
		};
		576E1A292444C04700819B2E /* XCRemoteSwiftPackageReference "realm-cocoa" */ = {
			isa = XCRemoteSwiftPackageReference;
			repositoryURL = "https://github.com/realm/realm-cocoa.git";
			requirement = {
				kind = exactVersion;
				version = 4.3.2;
			};
		};
		576E1A2E2444C08E00819B2E /* XCRemoteSwiftPackageReference "XCGLogger" */ = {
			isa = XCRemoteSwiftPackageReference;
			repositoryURL = "https://github.com/DaveWoodCom/XCGLogger.git";
			requirement = {
				kind = upToNextMajorVersion;
				minimumVersion = 7.0.1;
			};
		};
		576E1A332444C0C900819B2E /* XCRemoteSwiftPackageReference "Reachability" */ = {
			isa = XCRemoteSwiftPackageReference;
			repositoryURL = "https://github.com/ashleymills/Reachability.swift";
			requirement = {
				kind = upToNextMajorVersion;
				minimumVersion = 5.0.0;
			};
		};
/* End XCRemoteSwiftPackageReference section */

/* Begin XCSwiftPackageProductDependency section */
		576E1A272444BF9C00819B2E /* Alamofire */ = {
			isa = XCSwiftPackageProductDependency;
			package = 576E1A262444BF9C00819B2E /* XCRemoteSwiftPackageReference "Alamofire" */;
			productName = Alamofire;
		};
		576E1A2A2444C04700819B2E /* Realm */ = {
			isa = XCSwiftPackageProductDependency;
			package = 576E1A292444C04700819B2E /* XCRemoteSwiftPackageReference "realm-cocoa" */;
			productName = Realm;
		};
		576E1A2C2444C04700819B2E /* RealmSwift */ = {
			isa = XCSwiftPackageProductDependency;
			package = 576E1A292444C04700819B2E /* XCRemoteSwiftPackageReference "realm-cocoa" */;
			productName = RealmSwift;
		};
		576E1A2F2444C08E00819B2E /* ObjcExceptionBridging */ = {
			isa = XCSwiftPackageProductDependency;
			package = 576E1A2E2444C08E00819B2E /* XCRemoteSwiftPackageReference "XCGLogger" */;
			productName = ObjcExceptionBridging;
		};
		576E1A312444C08E00819B2E /* XCGLogger */ = {
			isa = XCSwiftPackageProductDependency;
			package = 576E1A2E2444C08E00819B2E /* XCRemoteSwiftPackageReference "XCGLogger" */;
			productName = XCGLogger;
		};
		576E1A342444C0CA00819B2E /* Reachability */ = {
			isa = XCSwiftPackageProductDependency;
			package = 576E1A332444C0C900819B2E /* XCRemoteSwiftPackageReference "Reachability" */;
			productName = Reachability;
		};
/* End XCSwiftPackageProductDependency section */
	};
	rootObject = 5760DB89244300DA0085BD04 /* Project object */;
}
